
Microsoft Visual Studio Solution File, Format Version 12.00
# Visual Studio Version 17
VisualStudioVersion = 17.11.35312.102
MinimumVisualStudioVersion = 10.0.40219.1
Project("{FAE04EC0-301F-11D3-BF4B-00C04F79EFBC}") = "20241106", "20241106\20241106.csproj", "{A431A2BB-2B54-41AF-8C91-E481A16B6D47}"
EndProject
Global
	GlobalSection(SolutionConfigurationPlatforms) = preSolution
		Debug|Any CPU = Debug|Any CPU
		Release|Any CPU = Release|Any CPU
	EndGlobalSection
	GlobalSection(ProjectConfigurationPlatforms) = postSolution
		{A431A2BB-2B54-41AF-8C91-E481A16B6D47}.Debug|Any CPU.ActiveCfg = Debug|Any CPU
		{A431A2BB-2B54-41AF-8C91-E481A16B6D47}.Debug|Any CPU.Build.0 = Debug|Any CPU
		{A431A2BB-2B54-41AF-8C91-E481A16B6D47}.Release|Any CPU.ActiveCfg = Release|Any CPU
		{A431A2BB-2B54-41AF-8C91-E481A16B6D47}.Release|Any CPU.Build.0 = Release|Any CPU
	EndGlobalSection
	GlobalSection(SolutionProperties) = preSolution
		HideSolutionNode = FALSE
	EndGlobalSection
	GlobalSection(ExtensibilityGlobals) = postSolution
		SolutionGuid = {14127687-A8A0-41F8-A264-373AAD41BA94}
	EndGlobalSection
EndGlobal
